{
  "name": "twit",
  "version": "0.0.1",
  "lockfileVersion": 3,
  "requires": true,
  "packages": {
    "": {
      "name": "twit",
      "version": "0.0.1",
      "license": "...",
      "dependencies": {
        "tiddlywiki": ">=5.2.5",
        "tw5-thirdflow": ">=1.2.10"
      },
      "devDependencies": {},
      "engines": {
        "node": ">=0.8.2"
      }
    },
    "node_modules/tiddlywiki": {
      "version": "5.2.7",
      "resolved": "https://registry.npmjs.org/tiddlywiki/-/tiddlywiki-5.2.7.tgz",
      "integrity": "sha512-7Hi8IF/6iIdTWpX6tJ955isy6n0JShCh1fu27SX9jSa0JuP3JUg40Hgb9g/iNV5oK5dxstFZImjAeVaXOPSdiw==",
      "bin": {
        "tiddlywiki": "tiddlywiki.js"
      },
      "engines": {
        "node": ">=0.8.2"
      }
    },
    "node_modules/tw5-thirdflow": {
      "version": "1.2.11",
      "resolved": "https://registry.npmjs.org/tw5-thirdflow/-/tw5-thirdflow-1.2.11.tgz",
      "integrity": "sha512-BQdSuGNX2q+kiU3hAspKO3kIOSbe6B6KDHj1Zq/NYg54ZCMe0ck3Gm860BCTBxbp05ogRxHTalB61vj5Tsx2xQ==",
      "dependencies": {
        "tiddlywiki": "^5.1.20"
      },
      "engines": {
        "node": ">=4.6.0"
      }
    }
  }
}
